// !$*UTF8*$!
{
	archiveVersion = 1;
	classes = {
	};
	objectVersion = 50;
	objects = {

/* Begin PBXBuildFile section */
		F01060EE2527124900267FD3 /* EvaluationView.swift in Sources */ = {isa = PBXBuildFile; fileRef = F01060ED2527124900267FD3 /* EvaluationView.swift */; };
		F01060F22527154C00267FD3 /* FamilyPortrait.swift in Sources */ = {isa = PBXBuildFile; fileRef = F01060F12527154C00267FD3 /* FamilyPortrait.swift */; };
		F01060F62527185F00267FD3 /* GradeInput.swift in Sources */ = {isa = PBXBuildFile; fileRef = F01060F52527185F00267FD3 /* GradeInput.swift */; };
		F01060F92527517900267FD3 /* CommentInput.swift in Sources */ = {isa = PBXBuildFile; fileRef = F01060F82527517900267FD3 /* CommentInput.swift */; };
		F0808CD42525C62B00A1AB88 /* RatingView.swift in Sources */ = {isa = PBXBuildFile; fileRef = F0808CD32525C62B00A1AB88 /* RatingView.swift */; };
		F0808CDC2525D02B00A1AB88 /* LanguageDescription.swift in Sources */ = {isa = PBXBuildFile; fileRef = F0808CDB2525D02B00A1AB88 /* LanguageDescription.swift */; };
		F0808CE02525D0D300A1AB88 /* ServiceDescription.swift in Sources */ = {isa = PBXBuildFile; fileRef = F0808CDF2525D0D300A1AB88 /* ServiceDescription.swift */; };
		F0808CE42525D19700A1AB88 /* AboutProfileView.swift in Sources */ = {isa = PBXBuildFile; fileRef = F0808CE32525D19700A1AB88 /* AboutProfileView.swift */; };
		F0B9776F2525D5BE00438727 /* ProfileInformation.swift in Sources */ = {isa = PBXBuildFile; fileRef = F0B9776E2525D5BE00438727 /* ProfileInformation.swift */; };
		F0B977742525DD2A00438727 /* RatingCommentRow.swift in Sources */ = {isa = PBXBuildFile; fileRef = F0B977732525DD2A00438727 /* RatingCommentRow.swift */; };
		F0B9777F25260A7C00438727 /* ConversationRow.swift in Sources */ = {isa = PBXBuildFile; fileRef = F0B9777E25260A7C00438727 /* ConversationRow.swift */; };
		F0B9778225260BAF00438727 /* ConversationsList.swift in Sources */ = {isa = PBXBuildFile; fileRef = F0B9778125260BAF00438727 /* ConversationsList.swift */; };
		F0C030D3252CA6E90009E803 /* ProfileFormView.swift in Sources */ = {isa = PBXBuildFile; fileRef = F0C030D2252CA6E90009E803 /* ProfileFormView.swift */; };
		F0C030D7252CA7730009E803 /* ProfilesView.swift in Sources */ = {isa = PBXBuildFile; fileRef = F0C030D6252CA7730009E803 /* ProfilesView.swift */; };
		F0FAED7925247B0600F7CCA2 /* FamilyConnectApp.swift in Sources */ = {isa = PBXBuildFile; fileRef = F0FAED7825247B0600F7CCA2 /* FamilyConnectApp.swift */; };
		F0FAED7B25247B0600F7CCA2 /* ContentView.swift in Sources */ = {isa = PBXBuildFile; fileRef = F0FAED7A25247B0600F7CCA2 /* ContentView.swift */; };
		F0FAED7D25247B0800F7CCA2 /* Assets.xcassets in Resources */ = {isa = PBXBuildFile; fileRef = F0FAED7C25247B0800F7CCA2 /* Assets.xcassets */; };
		F0FAED8025247B0800F7CCA2 /* Preview Assets.xcassets in Resources */ = {isa = PBXBuildFile; fileRef = F0FAED7F25247B0800F7CCA2 /* Preview Assets.xcassets */; };
		F0FAED8D25247C4C00F7CCA2 /* Modele.swift in Sources */ = {isa = PBXBuildFile; fileRef = F0FAED8C25247C4C00F7CCA2 /* Modele.swift */; };
		F0FAED952524808600F7CCA2 /* MatchesView.swift in Sources */ = {isa = PBXBuildFile; fileRef = F0FAED942524808600F7CCA2 /* MatchesView.swift */; };
		F0FAED982524817A00F7CCA2 /* Data.swift in Sources */ = {isa = PBXBuildFile; fileRef = F0FAED972524817A00F7CCA2 /* Data.swift */; };
		F0FAED9D25249D1700F7CCA2 /* MatchRow.swift in Sources */ = {isa = PBXBuildFile; fileRef = F0FAED9C25249D1700F7CCA2 /* MatchRow.swift */; };
		F0FAEDA02524A01F00F7CCA2 /* ProfileImage.swift in Sources */ = {isa = PBXBuildFile; fileRef = F0FAED9F2524A01F00F7CCA2 /* ProfileImage.swift */; };
		F0FAEDA32524A63F00F7CCA2 /* ServiceIcon.swift in Sources */ = {isa = PBXBuildFile; fileRef = F0FAEDA22524A63E00F7CCA2 /* ServiceIcon.swift */; };
		F0FAEDA62524CA2D00F7CCA2 /* MessageContentView.swift in Sources */ = {isa = PBXBuildFile; fileRef = F0FAEDA52524CA2D00F7CCA2 /* MessageContentView.swift */; };
		F0FAEDAB2524D27600F7CCA2 /* MessageView.swift in Sources */ = {isa = PBXBuildFile; fileRef = F0FAEDAA2524D27600F7CCA2 /* MessageView.swift */; };
		F0FAEDAE2524D80F00F7CCA2 /* ChatView.swift in Sources */ = {isa = PBXBuildFile; fileRef = F0FAEDAD2524D80F00F7CCA2 /* ChatView.swift */; };
		F0FAEDB32525BE4000F7CCA2 /* MatchDetailView.swift in Sources */ = {isa = PBXBuildFile; fileRef = F0FAEDB22525BE4000F7CCA2 /* MatchDetailView.swift */; };
		F0FAEDB62525BEF800F7CCA2 /* MatchProfileView.swift in Sources */ = {isa = PBXBuildFile; fileRef = F0FAEDB52525BEF800F7CCA2 /* MatchProfileView.swift */; };
/* End PBXBuildFile section */

/* Begin PBXFileReference section */
		F01060ED2527124900267FD3 /* EvaluationView.swift */ = {isa = PBXFileReference; lastKnownFileType = sourcecode.swift; path = EvaluationView.swift; sourceTree = "<group>"; };
		F01060F12527154C00267FD3 /* FamilyPortrait.swift */ = {isa = PBXFileReference; lastKnownFileType = sourcecode.swift; path = FamilyPortrait.swift; sourceTree = "<group>"; };
		F01060F52527185F00267FD3 /* GradeInput.swift */ = {isa = PBXFileReference; lastKnownFileType = sourcecode.swift; path = GradeInput.swift; sourceTree = "<group>"; };
		F01060F82527517900267FD3 /* CommentInput.swift */ = {isa = PBXFileReference; lastKnownFileType = sourcecode.swift; path = CommentInput.swift; sourceTree = "<group>"; };
		F0808CD32525C62B00A1AB88 /* RatingView.swift */ = {isa = PBXFileReference; lastKnownFileType = sourcecode.swift; path = RatingView.swift; sourceTree = "<group>"; };
		F0808CDB2525D02B00A1AB88 /* LanguageDescription.swift */ = {isa = PBXFileReference; lastKnownFileType = sourcecode.swift; path = LanguageDescription.swift; sourceTree = "<group>"; };
		F0808CDF2525D0D300A1AB88 /* ServiceDescription.swift */ = {isa = PBXFileReference; lastKnownFileType = sourcecode.swift; path = ServiceDescription.swift; sourceTree = "<group>"; };
		F0808CE32525D19700A1AB88 /* AboutProfileView.swift */ = {isa = PBXFileReference; lastKnownFileType = sourcecode.swift; path = AboutProfileView.swift; sourceTree = "<group>"; };
		F0B9776E2525D5BE00438727 /* ProfileInformation.swift */ = {isa = PBXFileReference; lastKnownFileType = sourcecode.swift; path = ProfileInformation.swift; sourceTree = "<group>"; };
		F0B977732525DD2A00438727 /* RatingCommentRow.swift */ = {isa = PBXFileReference; lastKnownFileType = sourcecode.swift; path = RatingCommentRow.swift; sourceTree = "<group>"; };
		F0B9777E25260A7C00438727 /* ConversationRow.swift */ = {isa = PBXFileReference; lastKnownFileType = sourcecode.swift; path = ConversationRow.swift; sourceTree = "<group>"; };
		F0B9778125260BAF00438727 /* ConversationsList.swift */ = {isa = PBXFileReference; lastKnownFileType = sourcecode.swift; path = ConversationsList.swift; sourceTree = "<group>"; };
		F0C030D2252CA6E90009E803 /* ProfileFormView.swift */ = {isa = PBXFileReference; lastKnownFileType = sourcecode.swift; path = ProfileFormView.swift; sourceTree = "<group>"; };
		F0C030D6252CA7730009E803 /* ProfilesView.swift */ = {isa = PBXFileReference; lastKnownFileType = sourcecode.swift; path = ProfilesView.swift; sourceTree = "<group>"; };
		F0FAED7525247B0600F7CCA2 /* FamilyConnect.app */ = {isa = PBXFileReference; explicitFileType = wrapper.application; includeInIndex = 0; path = FamilyConnect.app; sourceTree = BUILT_PRODUCTS_DIR; };
		F0FAED7825247B0600F7CCA2 /* FamilyConnectApp.swift */ = {isa = PBXFileReference; lastKnownFileType = sourcecode.swift; path = FamilyConnectApp.swift; sourceTree = "<group>"; };
		F0FAED7A25247B0600F7CCA2 /* ContentView.swift */ = {isa = PBXFileReference; lastKnownFileType = sourcecode.swift; path = ContentView.swift; sourceTree = "<group>"; };
		F0FAED7C25247B0800F7CCA2 /* Assets.xcassets */ = {isa = PBXFileReference; lastKnownFileType = folder.assetcatalog; path = Assets.xcassets; sourceTree = "<group>"; };
		F0FAED7F25247B0800F7CCA2 /* Preview Assets.xcassets */ = {isa = PBXFileReference; lastKnownFileType = folder.assetcatalog; path = "Preview Assets.xcassets"; sourceTree = "<group>"; };
		F0FAED8125247B0800F7CCA2 /* Info.plist */ = {isa = PBXFileReference; lastKnownFileType = text.plist.xml; path = Info.plist; sourceTree = "<group>"; };
		F0FAED8C25247C4C00F7CCA2 /* Modele.swift */ = {isa = PBXFileReference; lastKnownFileType = sourcecode.swift; path = Modele.swift; sourceTree = "<group>"; };
		F0FAED942524808600F7CCA2 /* MatchesView.swift */ = {isa = PBXFileReference; lastKnownFileType = sourcecode.swift; path = MatchesView.swift; sourceTree = "<group>"; };
		F0FAED972524817A00F7CCA2 /* Data.swift */ = {isa = PBXFileReference; lastKnownFileType = sourcecode.swift; path = Data.swift; sourceTree = "<group>"; };
		F0FAED9C25249D1700F7CCA2 /* MatchRow.swift */ = {isa = PBXFileReference; lastKnownFileType = sourcecode.swift; path = MatchRow.swift; sourceTree = "<group>"; };
		F0FAED9F2524A01F00F7CCA2 /* ProfileImage.swift */ = {isa = PBXFileReference; lastKnownFileType = sourcecode.swift; path = ProfileImage.swift; sourceTree = "<group>"; };
		F0FAEDA22524A63E00F7CCA2 /* ServiceIcon.swift */ = {isa = PBXFileReference; lastKnownFileType = sourcecode.swift; path = ServiceIcon.swift; sourceTree = "<group>"; };
		F0FAEDA52524CA2D00F7CCA2 /* MessageContentView.swift */ = {isa = PBXFileReference; lastKnownFileType = sourcecode.swift; path = MessageContentView.swift; sourceTree = "<group>"; };
		F0FAEDAA2524D27600F7CCA2 /* MessageView.swift */ = {isa = PBXFileReference; lastKnownFileType = sourcecode.swift; path = MessageView.swift; sourceTree = "<group>"; };
		F0FAEDAD2524D80F00F7CCA2 /* ChatView.swift */ = {isa = PBXFileReference; lastKnownFileType = sourcecode.swift; path = ChatView.swift; sourceTree = "<group>"; };
		F0FAEDB22525BE4000F7CCA2 /* MatchDetailView.swift */ = {isa = PBXFileReference; lastKnownFileType = sourcecode.swift; path = MatchDetailView.swift; sourceTree = "<group>"; };
		F0FAEDB52525BEF800F7CCA2 /* MatchProfileView.swift */ = {isa = PBXFileReference; lastKnownFileType = sourcecode.swift; path = MatchProfileView.swift; sourceTree = "<group>"; };
/* End PBXFileReference section */

/* Begin PBXFrameworksBuildPhase section */
		F0FAED7225247B0600F7CCA2 /* Frameworks */ = {
			isa = PBXFrameworksBuildPhase;
			buildActionMask = 2147483647;
			files = (
			);
			runOnlyForDeploymentPostprocessing = 0;
		};
/* End PBXFrameworksBuildPhase section */

/* Begin PBXGroup section */
		F01060F02527152B00267FD3 /* Evaluation */ = {
			isa = PBXGroup;
			children = (
				F01060ED2527124900267FD3 /* EvaluationView.swift */,
				F01060F12527154C00267FD3 /* FamilyPortrait.swift */,
				F01060F52527185F00267FD3 /* GradeInput.swift */,
				F01060F82527517900267FD3 /* CommentInput.swift */,
			);
			path = Evaluation;
			sourceTree = "<group>";
		};
		F0808CD72525CF8200A1AB88 /* Chat */ = {
			isa = PBXGroup;
			children = (
				F0FAEDAD2524D80F00F7CCA2 /* ChatView.swift */,
				F0FAEDA52524CA2D00F7CCA2 /* MessageContentView.swift */,
				F0FAEDAA2524D27600F7CCA2 /* MessageView.swift */,
				F0B9777E25260A7C00438727 /* ConversationRow.swift */,
			);
			path = Chat;
			sourceTree = "<group>";
		};
		F0808CD82525CF9E00A1AB88 /* Matches */ = {
			isa = PBXGroup;
			children = (
				F0FAEDB22525BE4000F7CCA2 /* MatchDetailView.swift */,
				F0FAED9C25249D1700F7CCA2 /* MatchRow.swift */,
				F0FAEDB52525BEF800F7CCA2 /* MatchProfileView.swift */,
			);
			path = Matches;
			sourceTree = "<group>";
		};
		F0808CD92525CFBC00A1AB88 /* Profile */ = {
			isa = PBXGroup;
			children = (
				F0808CD32525C62B00A1AB88 /* RatingView.swift */,
				F0808CDB2525D02B00A1AB88 /* LanguageDescription.swift */,
				F0808CDF2525D0D300A1AB88 /* ServiceDescription.swift */,
				F0808CE32525D19700A1AB88 /* AboutProfileView.swift */,
				F0B9776E2525D5BE00438727 /* ProfileInformation.swift */,
				F0B977732525DD2A00438727 /* RatingCommentRow.swift */,
			);
			path = Profile;
			sourceTree = "<group>";
		};
		F0C030D1252CA6D80009E803 /* ProfileForm */ = {
			isa = PBXGroup;
			children = (
				F0C030D2252CA6E90009E803 /* ProfileFormView.swift */,
			);
			path = ProfileForm;
			sourceTree = "<group>";
		};
		F0C030DB252CC0920009E803 /* Data */ = {
			isa = PBXGroup;
			children = (
				F0FAED972524817A00F7CCA2 /* Data.swift */,
				F0FAED8C25247C4C00F7CCA2 /* Modele.swift */,
			);
			path = Data;
			sourceTree = "<group>";
		};
		F0C030DC252CC0C60009E803 /* Main Views */ = {
			isa = PBXGroup;
			children = (
				F0FAED942524808600F7CCA2 /* MatchesView.swift */,
				F0C030D6252CA7730009E803 /* ProfilesView.swift */,
				F0B9778125260BAF00438727 /* ConversationsList.swift */,
			);
			path = "Main Views";
			sourceTree = "<group>";
		};
		F0FAED6C25247B0600F7CCA2 = {
			isa = PBXGroup;
			children = (
				F0FAED7725247B0600F7CCA2 /* FamilyConnect */,
				F0FAED7625247B0600F7CCA2 /* Products */,
			);
			sourceTree = "<group>";
		};
		F0FAED7625247B0600F7CCA2 /* Products */ = {
			isa = PBXGroup;
			children = (
				F0FAED7525247B0600F7CCA2 /* FamilyConnect.app */,
			);
			name = Products;
			sourceTree = "<group>";
		};
		F0FAED7725247B0600F7CCA2 /* FamilyConnect */ = {
			isa = PBXGroup;
			children = (
				F0FAED7825247B0600F7CCA2 /* FamilyConnectApp.swift */,
				F0FAED7A25247B0600F7CCA2 /* ContentView.swift */,
				F0C030DC252CC0C60009E803 /* Main Views */,
				F0FAED9B25249CD900F7CCA2 /* Supporting Views */,
				F0C030DB252CC0920009E803 /* Data */,
				F0FAED7C25247B0800F7CCA2 /* Assets.xcassets */,
				F0FAED8125247B0800F7CCA2 /* Info.plist */,
				F0FAED7E25247B0800F7CCA2 /* Preview Content */,
			);
			path = FamilyConnect;
			sourceTree = "<group>";
		};
		F0FAED7E25247B0800F7CCA2 /* Preview Content */ = {
			isa = PBXGroup;
			children = (
				F0FAED7F25247B0800F7CCA2 /* Preview Assets.xcassets */,
			);
			path = "Preview Content";
			sourceTree = "<group>";
		};
		F0FAED9B25249CD900F7CCA2 /* Supporting Views */ = {
			isa = PBXGroup;
			children = (
				F0FAEDA22524A63E00F7CCA2 /* ServiceIcon.swift */,
				F0FAED9F2524A01F00F7CCA2 /* ProfileImage.swift */,
				F0C030D1252CA6D80009E803 /* ProfileForm */,
				F01060F02527152B00267FD3 /* Evaluation */,
				F0808CD92525CFBC00A1AB88 /* Profile */,
				F0808CD82525CF9E00A1AB88 /* Matches */,
				F0808CD72525CF8200A1AB88 /* Chat */,
			);
			path = "Supporting Views";
			sourceTree = "<group>";
		};
/* End PBXGroup section */

/* Begin PBXNativeTarget section */
		F0FAED7425247B0600F7CCA2 /* FamilyConnect */ = {
			isa = PBXNativeTarget;
			buildConfigurationList = F0FAED8425247B0800F7CCA2 /* Build configuration list for PBXNativeTarget "FamilyConnect" */;
			buildPhases = (
				F0FAED7125247B0600F7CCA2 /* Sources */,
				F0FAED7225247B0600F7CCA2 /* Frameworks */,
				F0FAED7325247B0600F7CCA2 /* Resources */,
			);
			buildRules = (
			);
			dependencies = (
			);
			name = FamilyConnect;
			productName = FamilyConnect;
			productReference = F0FAED7525247B0600F7CCA2 /* FamilyConnect.app */;
			productType = "com.apple.product-type.application";
		};
/* End PBXNativeTarget section */

/* Begin PBXProject section */
		F0FAED6D25247B0600F7CCA2 /* Project object */ = {
			isa = PBXProject;
			attributes = {
				LastSwiftUpdateCheck = 1200;
				LastUpgradeCheck = 1200;
				TargetAttributes = {
					F0FAED7425247B0600F7CCA2 = {
						CreatedOnToolsVersion = 12.0.1;
					};
				};
			};
			buildConfigurationList = F0FAED7025247B0600F7CCA2 /* Build configuration list for PBXProject "FamilyConnect" */;
			compatibilityVersion = "Xcode 9.3";
			developmentRegion = en;
			hasScannedForEncodings = 0;
			knownRegions = (
				en,
				Base,
			);
			mainGroup = F0FAED6C25247B0600F7CCA2;
			productRefGroup = F0FAED7625247B0600F7CCA2 /* Products */;
			projectDirPath = "";
			projectRoot = "";
			targets = (
				F0FAED7425247B0600F7CCA2 /* FamilyConnect */,
			);
		};
/* End PBXProject section */

/* Begin PBXResourcesBuildPhase section */
		F0FAED7325247B0600F7CCA2 /* Resources */ = {
			isa = PBXResourcesBuildPhase;
			buildActionMask = 2147483647;
			files = (
				F0FAED8025247B0800F7CCA2 /* Preview Assets.xcassets in Resources */,
				F0FAED7D25247B0800F7CCA2 /* Assets.xcassets in Resources */,
			);
			runOnlyForDeploymentPostprocessing = 0;
		};
/* End PBXResourcesBuildPhase section */

/* Begin PBXSourcesBuildPhase section */
		F0FAED7125247B0600F7CCA2 /* Sources */ = {
			isa = PBXSourcesBuildPhase;
			buildActionMask = 2147483647;
			files = (
				F0FAED952524808600F7CCA2 /* MatchesView.swift in Sources */,
				F0808CDC2525D02B00A1AB88 /* LanguageDescription.swift in Sources */,
				F0B9776F2525D5BE00438727 /* ProfileInformation.swift in Sources */,
				F0B9777F25260A7C00438727 /* ConversationRow.swift in Sources */,
				F0C030D3252CA6E90009E803 /* ProfileFormView.swift in Sources */,
				F0FAED982524817A00F7CCA2 /* Data.swift in Sources */,
				F01060F22527154C00267FD3 /* FamilyPortrait.swift in Sources */,
				F0B9778225260BAF00438727 /* ConversationsList.swift in Sources */,
				F0B977742525DD2A00438727 /* RatingCommentRow.swift in Sources */,
				F0FAEDA02524A01F00F7CCA2 /* ProfileImage.swift in Sources */,
				F0FAED9D25249D1700F7CCA2 /* MatchRow.swift in Sources */,
				F0FAEDAE2524D80F00F7CCA2 /* ChatView.swift in Sources */,
				F01060F92527517900267FD3 /* CommentInput.swift in Sources */,
				F0808CE42525D19700A1AB88 /* AboutProfileView.swift in Sources */,
				F0FAEDAB2524D27600F7CCA2 /* MessageView.swift in Sources */,
				F0FAED8D25247C4C00F7CCA2 /* Modele.swift in Sources */,
				F01060F62527185F00267FD3 /* GradeInput.swift in Sources */,
				F0808CE02525D0D300A1AB88 /* ServiceDescription.swift in Sources */,
				F01060EE2527124900267FD3 /* EvaluationView.swift in Sources */,
				F0FAEDB32525BE4000F7CCA2 /* MatchDetailView.swift in Sources */,
				F0FAED7B25247B0600F7CCA2 /* ContentView.swift in Sources */,
				F0FAEDA32524A63F00F7CCA2 /* ServiceIcon.swift in Sources */,
				F0C030D7252CA7730009E803 /* ProfilesView.swift in Sources */,
				F0FAED7925247B0600F7CCA2 /* FamilyConnectApp.swift in Sources */,
				F0FAEDA62524CA2D00F7CCA2 /* MessageContentView.swift in Sources */,
				F0FAEDB62525BEF800F7CCA2 /* MatchProfileView.swift in Sources */,
				F0808CD42525C62B00A1AB88 /* RatingView.swift in Sources */,
			);
			runOnlyForDeploymentPostprocessing = 0;
		};
/* End PBXSourcesBuildPhase section */

/* Begin XCBuildConfiguration section */
		F0FAED8225247B0800F7CCA2 /* Debug */ = {
			isa = XCBuildConfiguration;
			buildSettings = {
				ALWAYS_SEARCH_USER_PATHS = NO;
				CLANG_ANALYZER_NONNULL = YES;
				CLANG_ANALYZER_NUMBER_OBJECT_CONVERSION = YES_AGGRESSIVE;
				CLANG_CXX_LANGUAGE_STANDARD = "gnu++14";
				CLANG_CXX_LIBRARY = "libc++";
				CLANG_ENABLE_MODULES = YES;
				CLANG_ENABLE_OBJC_ARC = YES;
				CLANG_ENABLE_OBJC_WEAK = YES;
				CLANG_WARN_BLOCK_CAPTURE_AUTORELEASING = YES;
				CLANG_WARN_BOOL_CONVERSION = YES;
				CLANG_WARN_COMMA = YES;
				CLANG_WARN_CONSTANT_CONVERSION = YES;
				CLANG_WARN_DEPRECATED_OBJC_IMPLEMENTATIONS = YES;
				CLANG_WARN_DIRECT_OBJC_ISA_USAGE = YES_ERROR;
				CLANG_WARN_DOCUMENTATION_COMMENTS = YES;
				CLANG_WARN_EMPTY_BODY = YES;
				CLANG_WARN_ENUM_CONVERSION = YES;
				CLANG_WARN_INFINITE_RECURSION = YES;
				CLANG_WARN_INT_CONVERSION = YES;
				CLANG_WARN_NON_LITERAL_NULL_CONVERSION = YES;
				CLANG_WARN_OBJC_IMPLICIT_RETAIN_SELF = YES;
				CLANG_WARN_OBJC_LITERAL_CONVERSION = YES;
				CLANG_WARN_OBJC_ROOT_CLASS = YES_ERROR;
				CLANG_WARN_QUOTED_INCLUDE_IN_FRAMEWORK_HEADER = YES;
				CLANG_WARN_RANGE_LOOP_ANALYSIS = YES;
				CLANG_WARN_STRICT_PROTOTYPES = YES;
				CLANG_WARN_SUSPICIOUS_MOVE = YES;
				CLANG_WARN_UNGUARDED_AVAILABILITY = YES_AGGRESSIVE;
				CLANG_WARN_UNREACHABLE_CODE = YES;
				CLANG_WARN__DUPLICATE_METHOD_MATCH = YES;
				COPY_PHASE_STRIP = NO;
				DEBUG_INFORMATION_FORMAT = dwarf;
				ENABLE_STRICT_OBJC_MSGSEND = YES;
				ENABLE_TESTABILITY = YES;
				GCC_C_LANGUAGE_STANDARD = gnu11;
				GCC_DYNAMIC_NO_PIC = NO;
				GCC_NO_COMMON_BLOCKS = YES;
				GCC_OPTIMIZATION_LEVEL = 0;
				GCC_PREPROCESSOR_DEFINITIONS = (
					"DEBUG=1",
					"$(inherited)",
				);
				GCC_WARN_64_TO_32_BIT_CONVERSION = YES;
				GCC_WARN_ABOUT_RETURN_TYPE = YES_ERROR;
				GCC_WARN_UNDECLARED_SELECTOR = YES;
				GCC_WARN_UNINITIALIZED_AUTOS = YES_AGGRESSIVE;
				GCC_WARN_UNUSED_FUNCTION = YES;
				GCC_WARN_UNUSED_VARIABLE = YES;
				IPHONEOS_DEPLOYMENT_TARGET = 14.0;
				MTL_ENABLE_DEBUG_INFO = INCLUDE_SOURCE;
				MTL_FAST_MATH = YES;
				ONLY_ACTIVE_ARCH = YES;
				SDKROOT = iphoneos;
				SWIFT_ACTIVE_COMPILATION_CONDITIONS = DEBUG;
				SWIFT_OPTIMIZATION_LEVEL = "-Onone";
			};
			name = Debug;
		};
		F0FAED8325247B0800F7CCA2 /* Release */ = {
			isa = XCBuildConfiguration;
			buildSettings = {
				ALWAYS_SEARCH_USER_PATHS = NO;
				CLANG_ANALYZER_NONNULL = YES;
				CLANG_ANALYZER_NUMBER_OBJECT_CONVERSION = YES_AGGRESSIVE;
				CLANG_CXX_LANGUAGE_STANDARD = "gnu++14";
				CLANG_CXX_LIBRARY = "libc++";
				CLANG_ENABLE_MODULES = YES;
				CLANG_ENABLE_OBJC_ARC = YES;
				CLANG_ENABLE_OBJC_WEAK = YES;
				CLANG_WARN_BLOCK_CAPTURE_AUTORELEASING = YES;
				CLANG_WARN_BOOL_CONVERSION = YES;
				CLANG_WARN_COMMA = YES;
				CLANG_WARN_CONSTANT_CONVERSION = YES;
				CLANG_WARN_DEPRECATED_OBJC_IMPLEMENTATIONS = YES;
				CLANG_WARN_DIRECT_OBJC_ISA_USAGE = YES_ERROR;
				CLANG_WARN_DOCUMENTATION_COMMENTS = YES;
				CLANG_WARN_EMPTY_BODY = YES;
				CLANG_WARN_ENUM_CONVERSION = YES;
				CLANG_WARN_INFINITE_RECURSION = YES;
				CLANG_WARN_INT_CONVERSION = YES;
				CLANG_WARN_NON_LITERAL_NULL_CONVERSION = YES;
				CLANG_WARN_OBJC_IMPLICIT_RETAIN_SELF = YES;
				CLANG_WARN_OBJC_LITERAL_CONVERSION = YES;
				CLANG_WARN_OBJC_ROOT_CLASS = YES_ERROR;
				CLANG_WARN_QUOTED_INCLUDE_IN_FRAMEWORK_HEADER = YES;
				CLANG_WARN_RANGE_LOOP_ANALYSIS = YES;
				CLANG_WARN_STRICT_PROTOTYPES = YES;
				CLANG_WARN_SUSPICIOUS_MOVE = YES;
				CLANG_WARN_UNGUARDED_AVAILABILITY = YES_AGGRESSIVE;
				CLANG_WARN_UNREACHABLE_CODE = YES;
				CLANG_WARN__DUPLICATE_METHOD_MATCH = YES;
				COPY_PHASE_STRIP = NO;
				DEBUG_INFORMATION_FORMAT = "dwarf-with-dsym";
				ENABLE_NS_ASSERTIONS = NO;
				ENABLE_STRICT_OBJC_MSGSEND = YES;
				GCC_C_LANGUAGE_STANDARD = gnu11;
				GCC_NO_COMMON_BLOCKS = YES;
				GCC_WARN_64_TO_32_BIT_CONVERSION = YES;
				GCC_WARN_ABOUT_RETURN_TYPE = YES_ERROR;
				GCC_WARN_UNDECLARED_SELECTOR = YES;
				GCC_WARN_UNINITIALIZED_AUTOS = YES_AGGRESSIVE;
				GCC_WARN_UNUSED_FUNCTION = YES;
				GCC_WARN_UNUSED_VARIABLE = YES;
				IPHONEOS_DEPLOYMENT_TARGET = 14.0;
				MTL_ENABLE_DEBUG_INFO = NO;
				MTL_FAST_MATH = YES;
				SDKROOT = iphoneos;
				SWIFT_COMPILATION_MODE = wholemodule;
				SWIFT_OPTIMIZATION_LEVEL = "-O";
				VALIDATE_PRODUCT = YES;
			};
			name = Release;
		};
		F0FAED8525247B0800F7CCA2 /* Debug */ = {
			isa = XCBuildConfiguration;
			buildSettings = {
				ASSETCATALOG_COMPILER_APPICON_NAME = AppIcon;
				ASSETCATALOG_COMPILER_GLOBAL_ACCENT_COLOR_NAME = AccentColor;
				CODE_SIGN_STYLE = Automatic;
				DEVELOPMENT_ASSET_PATHS = "\"FamilyConnect/Preview Content\"";
				DEVELOPMENT_TEAM = ARUQL3PC63;
				ENABLE_PREVIEWS = YES;
				INFOPLIST_FILE = FamilyConnect/Info.plist;
				IPHONEOS_DEPLOYMENT_TARGET = 14.0;
				LD_RUNPATH_SEARCH_PATHS = (
					"$(inherited)",
					"@executable_path/Frameworks",
				);
				PRODUCT_BUNDLE_IDENTIFIER = com.garrisonblair.FamilyConnect;
				PRODUCT_NAME = "$(TARGET_NAME)";
				SWIFT_VERSION = 5.0;
				TARGETED_DEVICE_FAMILY = "1,2";
			};
			name = Debug;
		};
		F0FAED8625247B0800F7CCA2 /* Release */ = {
			isa = XCBuildConfiguration;
			buildSettings = {
				ASSETCATALOG_COMPILER_APPICON_NAME = AppIcon;
				ASSETCATALOG_COMPILER_GLOBAL_ACCENT_COLOR_NAME = AccentColor;
				CODE_SIGN_STYLE = Automatic;
				DEVELOPMENT_ASSET_PATHS = "\"FamilyConnect/Preview Content\"";
				DEVELOPMENT_TEAM = ARUQL3PC63;
				ENABLE_PREVIEWS = YES;
				INFOPLIST_FILE = FamilyConnect/Info.plist;
				IPHONEOS_DEPLOYMENT_TARGET = 14.0;
				LD_RUNPATH_SEARCH_PATHS = (
					"$(inherited)",
					"@executable_path/Frameworks",
				);
				PRODUCT_BUNDLE_IDENTIFIER = com.garrisonblair.FamilyConnect;
				PRODUCT_NAME = "$(TARGET_NAME)";
				SWIFT_VERSION = 5.0;
				TARGETED_DEVICE_FAMILY = "1,2";
			};
			name = Release;
		};
/* End XCBuildConfiguration section */

/* Begin XCConfigurationList section */
		F0FAED7025247B0600F7CCA2 /* Build configuration list for PBXProject "FamilyConnect" */ = {
			isa = XCConfigurationList;
			buildConfigurations = (
				F0FAED8225247B0800F7CCA2 /* Debug */,
				F0FAED8325247B0800F7CCA2 /* Release */,
			);
			defaultConfigurationIsVisible = 0;
			defaultConfigurationName = Release;
		};
		F0FAED8425247B0800F7CCA2 /* Build configuration list for PBXNativeTarget "FamilyConnect" */ = {
			isa = XCConfigurationList;
			buildConfigurations = (
				F0FAED8525247B0800F7CCA2 /* Debug */,
				F0FAED8625247B0800F7CCA2 /* Release */,
			);
			defaultConfigurationIsVisible = 0;
			defaultConfigurationName = Release;
		};
/* End XCConfigurationList section */
	};
	rootObject = F0FAED6D25247B0600F7CCA2 /* Project object */;
}
